
Microsoft Visual Studio Solution File, Format Version 12.00
# Visual Studio Version 16
VisualStudioVersion = 16.0.30804.86
MinimumVisualStudioVersion = 10.0.40219.1
Project("{9A19103F-16F7-4668-BE54-9A1E7A4F7556}") = "FindAFriend", "FindAFriend.csproj", "{60AB1880-1505-4F99-91D4-778DC1089E64}"
EndProject
Global
	GlobalSection(SolutionConfigurationPlatforms) = preSolution
		Debug|Any CPU = Debug|Any CPU
		Release|Any CPU = Release|Any CPU
	EndGlobalSection
	GlobalSection(ProjectConfigurationPlatforms) = postSolution
		{60AB1880-1505-4F99-91D4-778DC1089E64}.Debug|Any CPU.ActiveCfg = Debug|Any CPU
		{60AB1880-1505-4F99-91D4-778DC1089E64}.Debug|Any CPU.Build.0 = Debug|Any CPU
		{60AB1880-1505-4F99-91D4-778DC1089E64}.Release|Any CPU.ActiveCfg = Release|Any CPU
		{60AB1880-1505-4F99-91D4-778DC1089E64}.Release|Any CPU.Build.0 = Release|Any CPU
	EndGlobalSection
	GlobalSection(SolutionProperties) = preSolution
		HideSolutionNode = FALSE
	EndGlobalSection
	GlobalSection(ExtensibilityGlobals) = postSolution
		SolutionGuid = {54C81E37-4DE1-4FC1-B6A1-59F468ED2FE8}
	EndGlobalSection
EndGlobal
